
Microsoft Visual Studio Solution File, Format Version 12.00
# Visual Studio Version 16
VisualStudioVersion = 16.0.29209.62
MinimumVisualStudioVersion = 10.0.40219.1
Project("{FAE04EC0-301F-11D3-BF4B-00C04F79EFBC}") = "ClientForms", "ClientForms\ClientForms.csproj", "{20ACA1F7-50EA-40B7-AC8E-6BBBC9530BAD}"
EndProject
Project("{9A19103F-16F7-4668-BE54-9A1E7A4F7556}") = "Server", "Server\Server.csproj", "{36E7066E-6EF6-4FF8-8815-7FEEB16D52D0}"
EndProject
Project("{FAE04EC0-301F-11D3-BF4B-00C04F79EFBC}") = "ClientConsole", "ClientConsole\ClientConsole.csproj", "{0898FFED-B1BF-426D-87F3-3E6DF75E3589}"
EndProject
Global
	GlobalSection(SolutionConfigurationPlatforms) = preSolution
		Debug|Any CPU = Debug|Any CPU
		Release|Any CPU = Release|Any CPU
	EndGlobalSection
	GlobalSection(ProjectConfigurationPlatforms) = postSolution
		{20ACA1F7-50EA-40B7-AC8E-6BBBC9530BAD}.Debug|Any CPU.ActiveCfg = Debug|Any CPU
		{20ACA1F7-50EA-40B7-AC8E-6BBBC9530BAD}.Debug|Any CPU.Build.0 = Debug|Any CPU
		{20ACA1F7-50EA-40B7-AC8E-6BBBC9530BAD}.Release|Any CPU.ActiveCfg = Release|Any CPU
		{20ACA1F7-50EA-40B7-AC8E-6BBBC9530BAD}.Release|Any CPU.Build.0 = Release|Any CPU
		{36E7066E-6EF6-4FF8-8815-7FEEB16D52D0}.Debug|Any CPU.ActiveCfg = Debug|Any CPU
		{36E7066E-6EF6-4FF8-8815-7FEEB16D52D0}.Debug|Any CPU.Build.0 = Debug|Any CPU
		{36E7066E-6EF6-4FF8-8815-7FEEB16D52D0}.Release|Any CPU.ActiveCfg = Release|Any CPU
		{36E7066E-6EF6-4FF8-8815-7FEEB16D52D0}.Release|Any CPU.Build.0 = Release|Any CPU
		{0898FFED-B1BF-426D-87F3-3E6DF75E3589}.Debug|Any CPU.ActiveCfg = Debug|Any CPU
		{0898FFED-B1BF-426D-87F3-3E6DF75E3589}.Debug|Any CPU.Build.0 = Debug|Any CPU
		{0898FFED-B1BF-426D-87F3-3E6DF75E3589}.Release|Any CPU.ActiveCfg = Release|Any CPU
		{0898FFED-B1BF-426D-87F3-3E6DF75E3589}.Release|Any CPU.Build.0 = Release|Any CPU
	EndGlobalSection
	GlobalSection(SolutionProperties) = preSolution
		HideSolutionNode = FALSE
	EndGlobalSection
	GlobalSection(ExtensibilityGlobals) = postSolution
		SolutionGuid = {08ABF702-1D6C-47A3-AC3F-7DC470CE6E7E}
	EndGlobalSection
EndGlobal
